// !$*UTF8*$!
{
	archiveVersion = 1;
	classes = {
	};
	objectVersion = 46;
	objects = {

/* Begin PBXBuildFile section */
		E0109F5E1CA28826005EBF1A /* l_io_lib.cpp in Sources */ = {isa = PBXBuildFile; fileRef = E0109F5D1CA28826005EBF1A /* l_io_lib.cpp */; };
		E0109F5F1CA28826005EBF1A /* l_io_lib.cpp in Sources */ = {isa = PBXBuildFile; fileRef = E0109F5D1CA28826005EBF1A /* l_io_lib.cpp */; };
		E0109F601CA2882C005EBF1A /* l_os_lib.cpp in Sources */ = {isa = PBXBuildFile; fileRef = E0109F5C1CA287AB005EBF1A /* l_os_lib.cpp */; };
		E0109F611CA2882D005EBF1A /* l_os_lib.cpp in Sources */ = {isa = PBXBuildFile; fileRef = E0109F5C1CA287AB005EBF1A /* l_os_lib.cpp */; };
		E01317AD1C92C28E00477C6A /* l_parser.cpp in Sources */ = {isa = PBXBuildFile; fileRef = E01317AC1C92C28E00477C6A /* l_parser.cpp */; };
		E01317AE1C92C4E300477C6A /* l_parser.h in Headers */ = {isa = PBXBuildFile; fileRef = E095992F1C67508A00BF39F8 /* l_parser.h */; };
		E01317AF1C92C4E700477C6A /* l_parser.cpp in Sources */ = {isa = PBXBuildFile; fileRef = E01317AC1C92C28E00477C6A /* l_parser.cpp */; };
		E058073F1CA17CC600F69658 /* l_variables_context.cpp in Sources */ = {isa = PBXBuildFile; fileRef = E058073E1CA17CC600F69658 /* l_variables_context.cpp */; };
		E05807401CA17CC600F69658 /* l_variables_context.cpp in Sources */ = {isa = PBXBuildFile; fileRef = E058073E1CA17CC600F69658 /* l_variables_context.cpp */; };
		E05F4B4C1C57FB8D00F7EB6A /* l_string.cpp in Sources */ = {isa = PBXBuildFile; fileRef = E05F4B4B1C57FB8D00F7EB6A /* l_string.cpp */; };
		E05F4B4E1C58985500F7EB6A /* l_base_lib.cpp in Sources */ = {isa = PBXBuildFile; fileRef = E05F4B4D1C58985500F7EB6A /* l_base_lib.cpp */; };
		E05F4B511C589BB600F7EB6A /* l_compiler_utilities.cpp in Sources */ = {isa = PBXBuildFile; fileRef = E05F4B501C589BB600F7EB6A /* l_compiler_utilities.cpp */; };
		E071D70C1C4AC9D1008840D3 /* l_vm.cpp in Sources */ = {isa = PBXBuildFile; fileRef = E071D70B1C4AC9D1008840D3 /* l_vm.cpp */; };
		E078AA1C1C88CC3700131C43 /* main.cpp in Sources */ = {isa = PBXBuildFile; fileRef = E072DDDB1C35357A00B197A1 /* main.cpp */; };
		E078AA241C88CCB400131C43 /* LLanguageLib.hpp in Headers */ = {isa = PBXBuildFile; fileRef = E078AA231C88CCB400131C43 /* LLanguageLib.hpp */; };
		E078AA261C88CCB400131C43 /* LLanguageLibPriv.hpp in Headers */ = {isa = PBXBuildFile; fileRef = E078AA251C88CCB400131C43 /* LLanguageLibPriv.hpp */; };
		E078AA281C88CCB400131C43 /* LLanguageLib.cpp in Sources */ = {isa = PBXBuildFile; fileRef = E078AA271C88CCB400131C43 /* LLanguageLib.cpp */; };
		E078AA2C1C88CCC000131C43 /* l_base_lib.cpp in Sources */ = {isa = PBXBuildFile; fileRef = E05F4B4D1C58985500F7EB6A /* l_base_lib.cpp */; };
		E078AA2D1C88CCC000131C43 /* l_gc.cpp in Sources */ = {isa = PBXBuildFile; fileRef = E0950C7D1C4AC50400845FEE /* l_gc.cpp */; };
		E078AA2E1C88CCC000131C43 /* l_vm.cpp in Sources */ = {isa = PBXBuildFile; fileRef = E071D70B1C4AC9D1008840D3 /* l_vm.cpp */; };
		E078AA2F1C88CCC000131C43 /* l_string.cpp in Sources */ = {isa = PBXBuildFile; fileRef = E05F4B4B1C57FB8D00F7EB6A /* l_string.cpp */; };
		E078AA301C88CCC000131C43 /* l_compiler_utilities.cpp in Sources */ = {isa = PBXBuildFile; fileRef = E05F4B501C589BB600F7EB6A /* l_compiler_utilities.cpp */; };
		E078AA311C88CCC000131C43 /* l_opcode.cpp in Sources */ = {isa = PBXBuildFile; fileRef = E09599371C676A8900BF39F8 /* l_opcode.cpp */; };
		E078AA321C88CCC000131C43 /* l_function.cpp in Sources */ = {isa = PBXBuildFile; fileRef = E0DBF2E31C678A4E00F9DA98 /* l_function.cpp */; };
		E078AA331C88CCC000131C43 /* l_table.cpp in Sources */ = {isa = PBXBuildFile; fileRef = E0DBF2E51C679C0F00F9DA98 /* l_table.cpp */; };
		E078AA341C88CCC000131C43 /* l_call_context.cpp in Sources */ = {isa = PBXBuildFile; fileRef = E0F605F81C72299D00D5B90B /* l_call_context.cpp */; };
		E07F58591C9DDCC000C5BF71 /* l_variable.cpp in Sources */ = {isa = PBXBuildFile; fileRef = E07F58581C9DDCC000C5BF71 /* l_variable.cpp */; };
		E07F585A1C9DDCC400C5BF71 /* l_variable.cpp in Sources */ = {isa = PBXBuildFile; fileRef = E07F58581C9DDCC000C5BF71 /* l_variable.cpp */; };
		E08194B91CAFD8C900B87B27 /* this.ll in Sources */ = {isa = PBXBuildFile; fileRef = E08194B81CAFD8C900B87B27 /* this.ll */; };
		E0950C7E1C4AC50400845FEE /* l_gc.cpp in Sources */ = {isa = PBXBuildFile; fileRef = E0950C7D1C4AC50400845FEE /* l_gc.cpp */; };
		E09599381C676A8900BF39F8 /* l_opcode.cpp in Sources */ = {isa = PBXBuildFile; fileRef = E09599371C676A8900BF39F8 /* l_opcode.cpp */; };
		E0DBF2E41C678A4E00F9DA98 /* l_function.cpp in Sources */ = {isa = PBXBuildFile; fileRef = E0DBF2E31C678A4E00F9DA98 /* l_function.cpp */; };
		E0DBF2E61C679C0F00F9DA98 /* l_table.cpp in Sources */ = {isa = PBXBuildFile; fileRef = E0DBF2E51C679C0F00F9DA98 /* l_table.cpp */; };
		E0F1642D1CA164200009A4EF /* l_thread.cpp in Sources */ = {isa = PBXBuildFile; fileRef = E0F1642C1CA164200009A4EF /* l_thread.cpp */; };
		E0F1642E1CA164200009A4EF /* l_thread.cpp in Sources */ = {isa = PBXBuildFile; fileRef = E0F1642C1CA164200009A4EF /* l_thread.cpp */; };
		E0F164311CA164E40009A4EF /* l_compiler_tree_to_vm.cpp in Sources */ = {isa = PBXBuildFile; fileRef = E0F1642F1CA164E40009A4EF /* l_compiler_tree_to_vm.cpp */; };
		E0F164321CA164E40009A4EF /* l_compiler_tree_to_vm.cpp in Sources */ = {isa = PBXBuildFile; fileRef = E0F1642F1CA164E40009A4EF /* l_compiler_tree_to_vm.cpp */; };
		E0F605F91C72299D00D5B90B /* l_call_context.cpp in Sources */ = {isa = PBXBuildFile; fileRef = E0F605F81C72299D00D5B90B /* l_call_context.cpp */; };
/* End PBXBuildFile section */

/* Begin PBXCopyFilesBuildPhase section */
		E072DDC51C35353200B197A1 /* CopyFiles */ = {
			isa = PBXCopyFilesBuildPhase;
			buildActionMask = 2147483647;
			dstPath = /usr/share/man/man1/;
			dstSubfolderSpec = 0;
			files = (
			);
			runOnlyForDeploymentPostprocessing = 1;
		};
/* End PBXCopyFilesBuildPhase section */

/* Begin PBXFileReference section */
		E0109F5C1CA287AB005EBF1A /* l_os_lib.cpp */ = {isa = PBXFileReference; lastKnownFileType = sourcecode.cpp.cpp; path = l_os_lib.cpp; sourceTree = "<group>"; };
		E0109F5D1CA28826005EBF1A /* l_io_lib.cpp */ = {isa = PBXFileReference; fileEncoding = 4; lastKnownFileType = sourcecode.cpp.cpp; path = l_io_lib.cpp; sourceTree = "<group>"; };
		E01317AC1C92C28E00477C6A /* l_parser.cpp */ = {isa = PBXFileReference; fileEncoding = 4; lastKnownFileType = sourcecode.cpp.cpp; path = l_parser.cpp; sourceTree = "<group>"; };
		E058073E1CA17CC600F69658 /* l_variables_context.cpp */ = {isa = PBXFileReference; fileEncoding = 4; lastKnownFileType = sourcecode.cpp.cpp; path = l_variables_context.cpp; sourceTree = "<group>"; };
		E05F4B4A1C57F52400F7EB6A /* l_string.h */ = {isa = PBXFileReference; lastKnownFileType = sourcecode.c.h; name = l_string.h; path = vm/l_string.h; sourceTree = "<group>"; };
		E05F4B4B1C57FB8D00F7EB6A /* l_string.cpp */ = {isa = PBXFileReference; fileEncoding = 4; lastKnownFileType = sourcecode.cpp.cpp; path = l_string.cpp; sourceTree = "<group>"; };
		E05F4B4D1C58985500F7EB6A /* l_base_lib.cpp */ = {isa = PBXFileReference; fileEncoding = 4; lastKnownFileType = sourcecode.cpp.cpp; path = l_base_lib.cpp; sourceTree = "<group>"; };
		E05F4B501C589BB600F7EB6A /* l_compiler_utilities.cpp */ = {isa = PBXFileReference; fileEncoding = 4; lastKnownFileType = sourcecode.cpp.cpp; path = l_compiler_utilities.cpp; sourceTree = "<group>"; };
		E071D70B1C4AC9D1008840D3 /* l_vm.cpp */ = {isa = PBXFileReference; fileEncoding = 4; lastKnownFileType = sourcecode.cpp.cpp; path = l_vm.cpp; sourceTree = "<group>"; };
		E072DDC71C35353200B197A1 /* LLanguage */ = {isa = PBXFileReference; explicitFileType = "compiled.mach-o.executable"; includeInIndex = 0; path = LLanguage; sourceTree = BUILT_PRODUCTS_DIR; };
		E072DDD61C35357A00B197A1 /* l_config.h */ = {isa = PBXFileReference; fileEncoding = 4; lastKnownFileType = sourcecode.c.h; path = l_config.h; sourceTree = "<group>"; };
		E072DDDB1C35357A00B197A1 /* main.cpp */ = {isa = PBXFileReference; fileEncoding = 4; lastKnownFileType = sourcecode.cpp.cpp; path = main.cpp; sourceTree = "<group>"; };
		E078A9F81C88CB3300131C43 /* logic_ops.ll */ = {isa = PBXFileReference; explicitFileType = sourcecode.javascript; fileEncoding = 4; name = logic_ops.ll; path = samples/logic_ops.ll; sourceTree = SOURCE_ROOT; };
		E078A9F91C88CB3300131C43 /* lambda_function.ll */ = {isa = PBXFileReference; explicitFileType = sourcecode.javascript; fileEncoding = 4; name = lambda_function.ll; path = samples/lambda_function.ll; sourceTree = SOURCE_ROOT; };
		E078A9FA1C88CB3300131C43 /* runtimeerrors.ll */ = {isa = PBXFileReference; explicitFileType = sourcecode.javascript; fileEncoding = 4; name = runtimeerrors.ll; path = samples/runtimeerrors.ll; sourceTree = SOURCE_ROOT; };
		E078A9FB1C88CB3300131C43 /* def2.ll */ = {isa = PBXFileReference; explicitFileType = sourcecode.javascript; fileEncoding = 4; name = def2.ll; path = samples/def2.ll; sourceTree = SOURCE_ROOT; };
		E078A9FC1C88CB3300131C43 /* def.ll */ = {isa = PBXFileReference; explicitFileType = sourcecode.javascript; fileEncoding = 4; name = def.ll; path = samples/def.ll; sourceTree = SOURCE_ROOT; };
		E078A9FD1C88CB3300131C43 /* for.ll */ = {isa = PBXFileReference; explicitFileType = sourcecode.javascript; fileEncoding = 4; name = for.ll; path = samples/for.ll; sourceTree = SOURCE_ROOT; };
		E078A9FE1C88CB3300131C43 /* while.ll */ = {isa = PBXFileReference; explicitFileType = sourcecode.javascript; fileEncoding = 4; name = while.ll; path = samples/while.ll; sourceTree = SOURCE_ROOT; };
		E078A9FF1C88CB3300131C43 /* fields.ll */ = {isa = PBXFileReference; explicitFileType = sourcecode.javascript; fileEncoding = 4; name = fields.ll; path = samples/fields.ll; sourceTree = SOURCE_ROOT; };
		E078AA211C88CCB400131C43 /* libLLanguageLib.a */ = {isa = PBXFileReference; explicitFileType = archive.ar; includeInIndex = 0; path = libLLanguageLib.a; sourceTree = BUILT_PRODUCTS_DIR; };
		E078AA231C88CCB400131C43 /* LLanguageLib.hpp */ = {isa = PBXFileReference; lastKnownFileType = sourcecode.cpp.h; path = LLanguageLib.hpp; sourceTree = "<group>"; };
		E078AA251C88CCB400131C43 /* LLanguageLibPriv.hpp */ = {isa = PBXFileReference; lastKnownFileType = sourcecode.cpp.h; path = LLanguageLibPriv.hpp; sourceTree = "<group>"; };
		E078AA271C88CCB400131C43 /* LLanguageLib.cpp */ = {isa = PBXFileReference; lastKnownFileType = sourcecode.cpp.cpp; path = LLanguageLib.cpp; sourceTree = "<group>"; };
		E07F58581C9DDCC000C5BF71 /* l_variable.cpp */ = {isa = PBXFileReference; fileEncoding = 4; lastKnownFileType = sourcecode.cpp.cpp; path = l_variable.cpp; sourceTree = "<group>"; };
		E08194B81CAFD8C900B87B27 /* this.ll */ = {isa = PBXFileReference; explicitFileType = sourcecode.javascript; fileEncoding = 4; path = this.ll; sourceTree = "<group>"; };
		E0891CC71C5A62AD00FB37F6 /* l_variable.h */ = {isa = PBXFileReference; fileEncoding = 4; lastKnownFileType = sourcecode.c.h; name = l_variable.h; path = vm/l_variable.h; sourceTree = "<group>"; };
		E0950C761C4A871700845FEE /* l_vm.h */ = {isa = PBXFileReference; fileEncoding = 4; lastKnownFileType = sourcecode.c.h; name = l_vm.h; path = vm/l_vm.h; sourceTree = "<group>"; };
		E0950C771C4A877800845FEE /* l_array.h */ = {isa = PBXFileReference; lastKnownFileType = sourcecode.c.h; name = l_array.h; path = vm/l_array.h; sourceTree = "<group>"; };
		E0950C781C4A87E800845FEE /* l_gc.h */ = {isa = PBXFileReference; lastKnownFileType = sourcecode.c.h; name = l_gc.h; path = vm/l_gc.h; sourceTree = "<group>"; };
		E0950C7D1C4AC50400845FEE /* l_gc.cpp */ = {isa = PBXFileReference; fileEncoding = 4; lastKnownFileType = sourcecode.cpp.cpp; path = l_gc.cpp; sourceTree = "<group>"; };
		E0950C7F1C4AC58800845FEE /* l_object.h */ = {isa = PBXFileReference; lastKnownFileType = sourcecode.c.h; name = l_object.h; path = vm/l_object.h; sourceTree = "<group>"; };
		E09529A61CA1BDB200F9D24B /* l_io_lib.h */ = {isa = PBXFileReference; lastKnownFileType = sourcecode.c.h; path = l_io_lib.h; sourceTree = "<group>"; };
		E09529A71CA1BDF100F9D24B /* l_os_lib.h */ = {isa = PBXFileReference; lastKnownFileType = sourcecode.c.h; name = l_os_lib.h; path = vm/l_os_lib.h; sourceTree = "<group>"; };
		E09539911C8AC8CB00241553 /* for2.ll */ = {isa = PBXFileReference; explicitFileType = sourcecode.javascript; fileEncoding = 4; path = for2.ll; sourceTree = "<group>"; };
		E095992F1C67508A00BF39F8 /* l_parser.h */ = {isa = PBXFileReference; fileEncoding = 4; lastKnownFileType = sourcecode.c.h; name = l_parser.h; path = vm/l_parser.h; sourceTree = "<group>"; };
		E09599301C67508A00BF39F8 /* l_compiler_tree_to_vm.h */ = {isa = PBXFileReference; fileEncoding = 4; lastKnownFileType = sourcecode.c.h; name = l_compiler_tree_to_vm.h; path = vm/l_compiler_tree_to_vm.h; sourceTree = "<group>"; };
		E09599311C67508A00BF39F8 /* l_syntactic_tree.h */ = {isa = PBXFileReference; fileEncoding = 4; lastKnownFileType = sourcecode.c.h; name = l_syntactic_tree.h; path = vm/l_syntactic_tree.h; sourceTree = "<group>"; };
		E09599321C67508A00BF39F8 /* l_table.h */ = {isa = PBXFileReference; fileEncoding = 4; lastKnownFileType = sourcecode.c.h; name = l_table.h; path = vm/l_table.h; sourceTree = "<group>"; };
		E09599331C67508A00BF39F8 /* l_variables_context.h */ = {isa = PBXFileReference; fileEncoding = 4; lastKnownFileType = sourcecode.c.h; name = l_variables_context.h; path = vm/l_variables_context.h; sourceTree = "<group>"; };
		E09599341C67508A00BF39F8 /* l_compiler_utilities.h */ = {isa = PBXFileReference; fileEncoding = 4; lastKnownFileType = sourcecode.c.h; name = l_compiler_utilities.h; path = vm/l_compiler_utilities.h; sourceTree = "<group>"; };
		E09599351C67508A00BF39F8 /* l_base_lib.h */ = {isa = PBXFileReference; fileEncoding = 4; lastKnownFileType = sourcecode.c.h; name = l_base_lib.h; path = vm/l_base_lib.h; sourceTree = "<group>"; };
		E09599361C676A5800BF39F8 /* l_opcode.h */ = {isa = PBXFileReference; lastKnownFileType = sourcecode.c.h; name = l_opcode.h; path = vm/l_opcode.h; sourceTree = "<group>"; };
		E09599371C676A8900BF39F8 /* l_opcode.cpp */ = {isa = PBXFileReference; fileEncoding = 4; lastKnownFileType = sourcecode.cpp.cpp; path = l_opcode.cpp; sourceTree = "<group>"; };
		E0A4DAA81C692D15007D5089 /* l_call_context.h */ = {isa = PBXFileReference; lastKnownFileType = sourcecode.c.h; name = l_call_context.h; path = vm/l_call_context.h; sourceTree = "<group>"; };
		E0A887061C9172770099CDC0 /* def3.ll */ = {isa = PBXFileReference; explicitFileType = sourcecode.javascript; fileEncoding = 4; path = def3.ll; sourceTree = "<group>"; };
		E0DBF2E11C67893700F9DA98 /* l_commands.h */ = {isa = PBXFileReference; lastKnownFileType = sourcecode.c.h; name = l_commands.h; path = vm/l_commands.h; sourceTree = "<group>"; };
		E0DBF2E21C6789BB00F9DA98 /* l_function.h */ = {isa = PBXFileReference; lastKnownFileType = sourcecode.c.h; name = l_function.h; path = vm/l_function.h; sourceTree = "<group>"; };
		E0DBF2E31C678A4E00F9DA98 /* l_function.cpp */ = {isa = PBXFileReference; fileEncoding = 4; lastKnownFileType = sourcecode.cpp.cpp; path = l_function.cpp; sourceTree = "<group>"; };
		E0DBF2E51C679C0F00F9DA98 /* l_table.cpp */ = {isa = PBXFileReference; fileEncoding = 4; lastKnownFileType = sourcecode.cpp.cpp; path = l_table.cpp; sourceTree = "<group>"; };
		E0F1642B1CA162E20009A4EF /* l_thread.h */ = {isa = PBXFileReference; lastKnownFileType = sourcecode.c.h; name = l_thread.h; path = vm/l_thread.h; sourceTree = "<group>"; };
		E0F1642C1CA164200009A4EF /* l_thread.cpp */ = {isa = PBXFileReference; fileEncoding = 4; lastKnownFileType = sourcecode.cpp.cpp; path = l_thread.cpp; sourceTree = "<group>"; };
		E0F1642F1CA164E40009A4EF /* l_compiler_tree_to_vm.cpp */ = {isa = PBXFileReference; fileEncoding = 4; lastKnownFileType = sourcecode.cpp.cpp; path = l_compiler_tree_to_vm.cpp; sourceTree = "<group>"; };
		E0F605F81C72299D00D5B90B /* l_call_context.cpp */ = {isa = PBXFileReference; fileEncoding = 4; lastKnownFileType = sourcecode.cpp.cpp; path = l_call_context.cpp; sourceTree = "<group>"; };
/* End PBXFileReference section */

/* Begin PBXFrameworksBuildPhase section */
		E072DDC41C35353200B197A1 /* Frameworks */ = {
			isa = PBXFrameworksBuildPhase;
			buildActionMask = 2147483647;
			files = (
			);
			runOnlyForDeploymentPostprocessing = 0;
		};
		E078AA1E1C88CCB400131C43 /* Frameworks */ = {
			isa = PBXFrameworksBuildPhase;
			buildActionMask = 2147483647;
			files = (
			);
			runOnlyForDeploymentPostprocessing = 0;
		};
/* End PBXFrameworksBuildPhase section */

/* Begin PBXGroup section */
		E072DDBE1C35353200B197A1 = {
			isa = PBXGroup;
			children = (
				E072DDC91C35353200B197A1 /* LLanguage */,
				E078AA221C88CCB400131C43 /* LLanguageLib */,
				E072DDC81C35353200B197A1 /* Products */,
			);
			sourceTree = "<group>";
		};
		E072DDC81C35353200B197A1 /* Products */ = {
			isa = PBXGroup;
			children = (
				E072DDC71C35353200B197A1 /* LLanguage */,
				E078AA211C88CCB400131C43 /* libLLanguageLib.a */,
			);
			name = Products;
			sourceTree = "<group>";
		};
		E072DDC91C35353200B197A1 /* LLanguage */ = {
			isa = PBXGroup;
			children = (
				E09524D91C69FB2F00F523AB /* samples */,
				E072DDD11C35357A00B197A1 /* include */,
				E072DDDA1C35357A00B197A1 /* src */,
			);
			path = LLanguage;
			sourceTree = "<group>";
		};
		E072DDD11C35357A00B197A1 /* include */ = {
			isa = PBXGroup;
			children = (
				E0950C751C4A870D00845FEE /* vm */,
				E072DDD61C35357A00B197A1 /* l_config.h */,
			);
			path = include;
			sourceTree = SOURCE_ROOT;
		};
		E072DDDA1C35357A00B197A1 /* src */ = {
			isa = PBXGroup;
			children = (
				E0950C7A1C4AC4C600845FEE /* vm */,
				E072DDDB1C35357A00B197A1 /* main.cpp */,
			);
			path = src;
			sourceTree = SOURCE_ROOT;
		};
		E078AA221C88CCB400131C43 /* LLanguageLib */ = {
			isa = PBXGroup;
			children = (
				E078AA231C88CCB400131C43 /* LLanguageLib.hpp */,
				E078AA251C88CCB400131C43 /* LLanguageLibPriv.hpp */,
				E078AA271C88CCB400131C43 /* LLanguageLib.cpp */,
			);
			path = LLanguageLib;
			sourceTree = "<group>";
		};
		E0950C751C4A870D00845FEE /* vm */ = {
			isa = PBXGroup;
			children = (
				E095992F1C67508A00BF39F8 /* l_parser.h */,
				E09599311C67508A00BF39F8 /* l_syntactic_tree.h */,
				E09599321C67508A00BF39F8 /* l_table.h */,
				E09599331C67508A00BF39F8 /* l_variables_context.h */,
				E09599301C67508A00BF39F8 /* l_compiler_tree_to_vm.h */,
				E09599341C67508A00BF39F8 /* l_compiler_utilities.h */,
				E0891CC71C5A62AD00FB37F6 /* l_variable.h */,
				E0A4DAA81C692D15007D5089 /* l_call_context.h */,
				E09599361C676A5800BF39F8 /* l_opcode.h */,
				E0950C761C4A871700845FEE /* l_vm.h */,
				E0950C771C4A877800845FEE /* l_array.h */,
				E0950C781C4A87E800845FEE /* l_gc.h */,
				E0950C7F1C4AC58800845FEE /* l_object.h */,
				E05F4B4A1C57F52400F7EB6A /* l_string.h */,
				E0DBF2E11C67893700F9DA98 /* l_commands.h */,
				E0DBF2E21C6789BB00F9DA98 /* l_function.h */,
				E0F1642B1CA162E20009A4EF /* l_thread.h */,
				E09599351C67508A00BF39F8 /* l_base_lib.h */,
				E09529A61CA1BDB200F9D24B /* l_io_lib.h */,
				E09529A71CA1BDF100F9D24B /* l_os_lib.h */,
			);
			name = vm;
			sourceTree = "<group>";
		};
		E0950C7A1C4AC4C600845FEE /* vm */ = {
			isa = PBXGroup;
			children = (
				E0950C7D1C4AC50400845FEE /* l_gc.cpp */,
				E071D70B1C4AC9D1008840D3 /* l_vm.cpp */,
				E05F4B4B1C57FB8D00F7EB6A /* l_string.cpp */,
				E05F4B501C589BB600F7EB6A /* l_compiler_utilities.cpp */,
				E09599371C676A8900BF39F8 /* l_opcode.cpp */,
				E0DBF2E31C678A4E00F9DA98 /* l_function.cpp */,
				E0DBF2E51C679C0F00F9DA98 /* l_table.cpp */,
				E0F605F81C72299D00D5B90B /* l_call_context.cpp */,
				E01317AC1C92C28E00477C6A /* l_parser.cpp */,
				E07F58581C9DDCC000C5BF71 /* l_variable.cpp */,
				E0F1642C1CA164200009A4EF /* l_thread.cpp */,
				E0F1642F1CA164E40009A4EF /* l_compiler_tree_to_vm.cpp */,
				E058073E1CA17CC600F69658 /* l_variables_context.cpp */,
				E05F4B4D1C58985500F7EB6A /* l_base_lib.cpp */,
				E0109F5C1CA287AB005EBF1A /* l_os_lib.cpp */,
				E0109F5D1CA28826005EBF1A /* l_io_lib.cpp */,
			);
			path = vm;
			sourceTree = "<group>";
		};
		E09524D91C69FB2F00F523AB /* samples */ = {
			isa = PBXGroup;
			children = (
				E078A9F81C88CB3300131C43 /* logic_ops.ll */,
				E078A9F91C88CB3300131C43 /* lambda_function.ll */,
				E078A9FA1C88CB3300131C43 /* runtimeerrors.ll */,
				E078A9FB1C88CB3300131C43 /* def2.ll */,
				E078A9FC1C88CB3300131C43 /* def.ll */,
				E078A9FD1C88CB3300131C43 /* for.ll */,
				E078A9FE1C88CB3300131C43 /* while.ll */,
				E078A9FF1C88CB3300131C43 /* fields.ll */,
				E09539911C8AC8CB00241553 /* for2.ll */,
				E0A887061C9172770099CDC0 /* def3.ll */,
				E08194B81CAFD8C900B87B27 /* this.ll */,
			);
			path = samples;
			sourceTree = SOURCE_ROOT;
		};
/* End PBXGroup section */

/* Begin PBXHeadersBuildPhase section */
		E078AA1F1C88CCB400131C43 /* Headers */ = {
			isa = PBXHeadersBuildPhase;
			buildActionMask = 2147483647;
			files = (
				E078AA261C88CCB400131C43 /* LLanguageLibPriv.hpp in Headers */,
				E01317AE1C92C4E300477C6A /* l_parser.h in Headers */,
				E078AA241C88CCB400131C43 /* LLanguageLib.hpp in Headers */,
			);
			runOnlyForDeploymentPostprocessing = 0;
		};
/* End PBXHeadersBuildPhase section */

/* Begin PBXNativeTarget section */
		E072DDC61C35353200B197A1 /* LLanguage */ = {
			isa = PBXNativeTarget;
			buildConfigurationList = E072DDCE1C35353200B197A1 /* Build configuration list for PBXNativeTarget "LLanguage" */;
			buildPhases = (
				E072DDC31C35353200B197A1 /* Sources */,
				E072DDC41C35353200B197A1 /* Frameworks */,
				E072DDC51C35353200B197A1 /* CopyFiles */,
			);
			buildRules = (
			);
			dependencies = (
			);
			name = LLanguage;
			productName = LLanguage;
			productReference = E072DDC71C35353200B197A1 /* LLanguage */;
			productType = "com.apple.product-type.tool";
		};
		E078AA201C88CCB400131C43 /* LLanguageLib */ = {
			isa = PBXNativeTarget;
			buildConfigurationList = E078AA291C88CCB400131C43 /* Build configuration list for PBXNativeTarget "LLanguageLib" */;
			buildPhases = (
				E078AA1D1C88CCB400131C43 /* Sources */,
				E078AA1E1C88CCB400131C43 /* Frameworks */,
				E078AA1F1C88CCB400131C43 /* Headers */,
			);
			buildRules = (
			);
			dependencies = (
			);
			name = LLanguageLib;
			productName = LLanguageLib;
			productReference = E078AA211C88CCB400131C43 /* libLLanguageLib.a */;
			productType = "com.apple.product-type.library.static";
		};
/* End PBXNativeTarget section */

/* Begin PBXProject section */
		E072DDBF1C35353200B197A1 /* Project object */ = {
			isa = PBXProject;
			attributes = {
				LastUpgradeCheck = 0720;
				ORGANIZATIONNAME = "Gabriele Di Bari";
				TargetAttributes = {
					E072DDC61C35353200B197A1 = {
						CreatedOnToolsVersion = 7.2;
					};
					E078AA201C88CCB400131C43 = {
						CreatedOnToolsVersion = 7.2.1;
					};
				};
			};
			buildConfigurationList = E072DDC21C35353200B197A1 /* Build configuration list for PBXProject "LLanguage" */;
			compatibilityVersion = "Xcode 3.2";
			developmentRegion = English;
			hasScannedForEncodings = 0;
			knownRegions = (
				en,
			);
			mainGroup = E072DDBE1C35353200B197A1;
			productRefGroup = E072DDC81C35353200B197A1 /* Products */;
			projectDirPath = "";
			projectRoot = "";
			targets = (
				E072DDC61C35353200B197A1 /* LLanguage */,
				E078AA201C88CCB400131C43 /* LLanguageLib */,
			);
		};
/* End PBXProject section */

/* Begin PBXSourcesBuildPhase section */
		E072DDC31C35353200B197A1 /* Sources */ = {
			isa = PBXSourcesBuildPhase;
			buildActionMask = 2147483647;
			files = (
				E071D70C1C4AC9D1008840D3 /* l_vm.cpp in Sources */,
				E01317AD1C92C28E00477C6A /* l_parser.cpp in Sources */,
				E09599381C676A8900BF39F8 /* l_opcode.cpp in Sources */,
				E0F605F91C72299D00D5B90B /* l_call_context.cpp in Sources */,
				E0F1642D1CA164200009A4EF /* l_thread.cpp in Sources */,
				E05F4B4C1C57FB8D00F7EB6A /* l_string.cpp in Sources */,
				E0109F5E1CA28826005EBF1A /* l_io_lib.cpp in Sources */,
				E05F4B4E1C58985500F7EB6A /* l_base_lib.cpp in Sources */,
				E0F164311CA164E40009A4EF /* l_compiler_tree_to_vm.cpp in Sources */,
				E08194B91CAFD8C900B87B27 /* this.ll in Sources */,
				E0DBF2E61C679C0F00F9DA98 /* l_table.cpp in Sources */,
				E0DBF2E41C678A4E00F9DA98 /* l_function.cpp in Sources */,
				E058073F1CA17CC600F69658 /* l_variables_context.cpp in Sources */,
				E07F58591C9DDCC000C5BF71 /* l_variable.cpp in Sources */,
				E078AA1C1C88CC3700131C43 /* main.cpp in Sources */,
				E05F4B511C589BB600F7EB6A /* l_compiler_utilities.cpp in Sources */,
				E0950C7E1C4AC50400845FEE /* l_gc.cpp in Sources */,
				E0109F611CA2882D005EBF1A /* l_os_lib.cpp in Sources */,
			);
			runOnlyForDeploymentPostprocessing = 0;
		};
		E078AA1D1C88CCB400131C43 /* Sources */ = {
			isa = PBXSourcesBuildPhase;
			buildActionMask = 2147483647;
			files = (
				E078AA321C88CCC000131C43 /* l_function.cpp in Sources */,
				E01317AF1C92C4E700477C6A /* l_parser.cpp in Sources */,
				E078AA301C88CCC000131C43 /* l_compiler_utilities.cpp in Sources */,
				E078AA281C88CCB400131C43 /* LLanguageLib.cpp in Sources */,
				E0F1642E1CA164200009A4EF /* l_thread.cpp in Sources */,
				E078AA2C1C88CCC000131C43 /* l_base_lib.cpp in Sources */,
				E0109F5F1CA28826005EBF1A /* l_io_lib.cpp in Sources */,
				E078AA341C88CCC000131C43 /* l_call_context.cpp in Sources */,
				E0F164321CA164E40009A4EF /* l_compiler_tree_to_vm.cpp in Sources */,
				E078AA2F1C88CCC000131C43 /* l_string.cpp in Sources */,
				E078AA2D1C88CCC000131C43 /* l_gc.cpp in Sources */,
				E05807401CA17CC600F69658 /* l_variables_context.cpp in Sources */,
				E07F585A1C9DDCC400C5BF71 /* l_variable.cpp in Sources */,
				E078AA2E1C88CCC000131C43 /* l_vm.cpp in Sources */,
				E078AA331C88CCC000131C43 /* l_table.cpp in Sources */,
				E078AA311C88CCC000131C43 /* l_opcode.cpp in Sources */,
				E0109F601CA2882C005EBF1A /* l_os_lib.cpp in Sources */,
			);
			runOnlyForDeploymentPostprocessing = 0;
		};
/* End PBXSourcesBuildPhase section */

/* Begin XCBuildConfiguration section */
		E072DDCC1C35353200B197A1 /* Debug */ = {
			isa = XCBuildConfiguration;
			buildSettings = {
				ALWAYS_SEARCH_USER_PATHS = NO;
				CLANG_CXX_LANGUAGE_STANDARD = "gnu++0x";
				CLANG_CXX_LIBRARY = "libc++";
				CLANG_ENABLE_MODULES = YES;
				CLANG_ENABLE_OBJC_ARC = YES;
				CLANG_WARN_BOOL_CONVERSION = YES;
				CLANG_WARN_CONSTANT_CONVERSION = YES;
				CLANG_WARN_DIRECT_OBJC_ISA_USAGE = YES_ERROR;
				CLANG_WARN_EMPTY_BODY = YES;
				CLANG_WARN_ENUM_CONVERSION = YES;
				CLANG_WARN_INT_CONVERSION = YES;
				CLANG_WARN_OBJC_ROOT_CLASS = YES_ERROR;
				CLANG_WARN_UNREACHABLE_CODE = YES;
				CLANG_WARN__DUPLICATE_METHOD_MATCH = YES;
				CODE_SIGN_IDENTITY = "-";
				COPY_PHASE_STRIP = NO;
				DEBUG_INFORMATION_FORMAT = dwarf;
				ENABLE_STRICT_OBJC_MSGSEND = YES;
				ENABLE_TESTABILITY = YES;
				GCC_C_LANGUAGE_STANDARD = gnu99;
				GCC_DYNAMIC_NO_PIC = NO;
				GCC_NO_COMMON_BLOCKS = YES;
				GCC_OPTIMIZATION_LEVEL = 0;
				GCC_PREPROCESSOR_DEFINITIONS = (
					"DEBUG=1",
					"$(inherited)",
				);
				GCC_WARN_64_TO_32_BIT_CONVERSION = YES;
				GCC_WARN_ABOUT_RETURN_TYPE = YES_ERROR;
				GCC_WARN_UNDECLARED_SELECTOR = YES;
				GCC_WARN_UNINITIALIZED_AUTOS = YES_AGGRESSIVE;
				GCC_WARN_UNUSED_FUNCTION = YES;
				GCC_WARN_UNUSED_VARIABLE = YES;
				MACOSX_DEPLOYMENT_TARGET = 10.11;
				MTL_ENABLE_DEBUG_INFO = YES;
				ONLY_ACTIVE_ARCH = YES;
				SDKROOT = macosx;
			};
			name = Debug;
		};
		E072DDCD1C35353200B197A1 /* Release */ = {
			isa = XCBuildConfiguration;
			buildSettings = {
				ALWAYS_SEARCH_USER_PATHS = NO;
				CLANG_CXX_LANGUAGE_STANDARD = "gnu++0x";
				CLANG_CXX_LIBRARY = "libc++";
				CLANG_ENABLE_MODULES = YES;
				CLANG_ENABLE_OBJC_ARC = YES;
				CLANG_WARN_BOOL_CONVERSION = YES;
				CLANG_WARN_CONSTANT_CONVERSION = YES;
				CLANG_WARN_DIRECT_OBJC_ISA_USAGE = YES_ERROR;
				CLANG_WARN_EMPTY_BODY = YES;
				CLANG_WARN_ENUM_CONVERSION = YES;
				CLANG_WARN_INT_CONVERSION = YES;
				CLANG_WARN_OBJC_ROOT_CLASS = YES_ERROR;
				CLANG_WARN_UNREACHABLE_CODE = YES;
				CLANG_WARN__DUPLICATE_METHOD_MATCH = YES;
				CODE_SIGN_IDENTITY = "-";
				COPY_PHASE_STRIP = NO;
				DEBUG_INFORMATION_FORMAT = "dwarf-with-dsym";
				ENABLE_NS_ASSERTIONS = NO;
				ENABLE_STRICT_OBJC_MSGSEND = YES;
				GCC_C_LANGUAGE_STANDARD = gnu99;
				GCC_NO_COMMON_BLOCKS = YES;
				GCC_OPTIMIZATION_LEVEL = 3;
				GCC_WARN_64_TO_32_BIT_CONVERSION = YES;
				GCC_WARN_ABOUT_RETURN_TYPE = YES_ERROR;
				GCC_WARN_UNDECLARED_SELECTOR = YES;
				GCC_WARN_UNINITIALIZED_AUTOS = YES_AGGRESSIVE;
				GCC_WARN_UNUSED_FUNCTION = YES;
				GCC_WARN_UNUSED_VARIABLE = YES;
				MACOSX_DEPLOYMENT_TARGET = 10.11;
				MTL_ENABLE_DEBUG_INFO = NO;
				SDKROOT = macosx;
			};
			name = Release;
		};
		E072DDCF1C35353200B197A1 /* Debug */ = {
			isa = XCBuildConfiguration;
			buildSettings = {
				HEADER_SEARCH_PATHS = (
					"$(SOURCE_ROOT)/include",
					"$(SOURCE_ROOT)/include/vm",
				);
				PRODUCT_NAME = "$(TARGET_NAME)";
			};
			name = Debug;
		};
		E072DDD01C35353200B197A1 /* Release */ = {
			isa = XCBuildConfiguration;
			buildSettings = {
				HEADER_SEARCH_PATHS = (
					"$(SOURCE_ROOT)/include",
					"$(SOURCE_ROOT)/include/vm",
				);
				PRODUCT_NAME = "$(TARGET_NAME)";
			};
			name = Release;
		};
		E078AA2A1C88CCB400131C43 /* Debug */ = {
			isa = XCBuildConfiguration;
			buildSettings = {
				EXECUTABLE_PREFIX = lib;
				GCC_ENABLE_CPP_EXCEPTIONS = YES;
				GCC_ENABLE_CPP_RTTI = YES;
				HEADER_SEARCH_PATHS = (
					"$(SOURCE_ROOT)/include",
					"$(SOURCE_ROOT)/include/vm",
				);
				PRODUCT_NAME = "$(TARGET_NAME)";
			};
			name = Debug;
		};
		E078AA2B1C88CCB400131C43 /* Release */ = {
			isa = XCBuildConfiguration;
			buildSettings = {
				EXECUTABLE_PREFIX = lib;
				GCC_ENABLE_CPP_EXCEPTIONS = YES;
				GCC_ENABLE_CPP_RTTI = YES;
				HEADER_SEARCH_PATHS = (
					"$(SOURCE_ROOT)/include",
					"$(SOURCE_ROOT)/include/vm",
				);
				PRODUCT_NAME = "$(TARGET_NAME)";
			};
			name = Release;
		};
/* End XCBuildConfiguration section */

/* Begin XCConfigurationList section */
		E072DDC21C35353200B197A1 /* Build configuration list for PBXProject "LLanguage" */ = {
			isa = XCConfigurationList;
			buildConfigurations = (
				E072DDCC1C35353200B197A1 /* Debug */,
				E072DDCD1C35353200B197A1 /* Release */,
			);
			defaultConfigurationIsVisible = 0;
			defaultConfigurationName = Release;
		};
		E072DDCE1C35353200B197A1 /* Build configuration list for PBXNativeTarget "LLanguage" */ = {
			isa = XCConfigurationList;
			buildConfigurations = (
				E072DDCF1C35353200B197A1 /* Debug */,
				E072DDD01C35353200B197A1 /* Release */,
			);
			defaultConfigurationIsVisible = 0;
			defaultConfigurationName = Release;
		};
		E078AA291C88CCB400131C43 /* Build configuration list for PBXNativeTarget "LLanguageLib" */ = {
			isa = XCConfigurationList;
			buildConfigurations = (
				E078AA2A1C88CCB400131C43 /* Debug */,
				E078AA2B1C88CCB400131C43 /* Release */,
			);
			defaultConfigurationIsVisible = 0;
			defaultConfigurationName = Release;
		};
/* End XCConfigurationList section */
	};
	rootObject = E072DDBF1C35353200B197A1 /* Project object */;
}
